
Microsoft Visual Studio Solution File, Format Version 12.00
# Visual Studio Version 16
VisualStudioVersion = 16.0.31205.134
MinimumVisualStudioVersion = 10.0.40219.1
Project("{FAE04EC0-301F-11D3-BF4B-00C04F79EFBC}") = "SalarioCalculoProgram", "SalarioCalculoProgram.csproj", "{42186D7D-70A9-48BD-A9E8-FFEAB6DD4C3C}"
EndProject
Global
	GlobalSection(SolutionConfigurationPlatforms) = preSolution
		Debug|Any CPU = Debug|Any CPU
		Release|Any CPU = Release|Any CPU
	EndGlobalSection
	GlobalSection(ProjectConfigurationPlatforms) = postSolution
		{42186D7D-70A9-48BD-A9E8-FFEAB6DD4C3C}.Debug|Any CPU.ActiveCfg = Debug|Any CPU
		{42186D7D-70A9-48BD-A9E8-FFEAB6DD4C3C}.Debug|Any CPU.Build.0 = Debug|Any CPU
		{42186D7D-70A9-48BD-A9E8-FFEAB6DD4C3C}.Release|Any CPU.ActiveCfg = Release|Any CPU
		{42186D7D-70A9-48BD-A9E8-FFEAB6DD4C3C}.Release|Any CPU.Build.0 = Release|Any CPU
	EndGlobalSection
	GlobalSection(SolutionProperties) = preSolution
		HideSolutionNode = FALSE
	EndGlobalSection
	GlobalSection(ExtensibilityGlobals) = postSolution
		SolutionGuid = {3FF70FBF-093D-4C9A-ACFD-51CF6B96D759}
	EndGlobalSection
EndGlobal
